<?xml version="1.0" encoding="utf-8"?>
<Project ToolsVersion="4.0" xmlns="http://schemas.microsoft.com/developer/msbuild/2003">
  <ItemGroup>
    <Filter Include="Source Files">
      <UniqueIdentifier>{4FC737F1-C7A5-4376-A066-2A32D752A2FF}</UniqueIdentifier>
      <Extensions>cpp;c;cc;cxx;c++;cppm;ixx;def;odl;idl;hpj;bat;asm;asmx</Extensions>
    </Filter>
    <Filter Include="Header Files">
      <UniqueIdentifier>{93995380-89BD-4b04-88EB-625FBE52EBFB}</UniqueIdentifier>
      <Extensions>h;hh;hpp;hxx;h++;hm;inl;inc;ipp;xsd</Extensions>
    </Filter>
    <Filter Include="Resource Files">
      <UniqueIdentifier>{67DA6AB6-F800-4c08-8B7A-83BB121AAD01}</UniqueIdentifier>
      <Extensions>rc;ico;cur;bmp;dlg;rc2;rct;bin;rgs;gif;jpg;jpeg;jpe;resx;tiff;tif;png;wav;mfcribbon-ms</Extensions>
    </Filter>
  </ItemGroup>
  <ItemGroup>
    <ClCompile Include="FunctionDescriptor.cpp">
      <Filter>Source Files</Filter>
    </ClCompile>
    <ClCompile Include="main.cpp">
      <Filter>Source Files</Filter>
    </ClCompile>
    <ClCompile Include="FunctionReader.cpp">
      <Filter>Source Files</Filter>
    </ClCompile>
    <ClCompile Include="Instructions\Instruction.cpp">
      <Filter>Source Files</Filter>
    </ClCompile>
    <ClCompile Include="Instructions\JumpInstruction.cpp">
      <Filter>Source Files</Filter>
    </ClCompile>
    <ClCompile Include="Instructions\Instructions.cpp">
      <Filter>Source Files</Filter>
    </ClCompile>
    <ClCompile Include="Instructions\PushRegisterInstruction.cpp">
      <Filter>Source Files</Filter>
    </ClCompile>
    <ClCompile Include="Instructions\ExtendedOpInstruction.cpp">
      <Filter>Source Files</Filter>
    </ClCompile>
    <ClCompile Include="Instructions\RegRegInstruction.cpp">
      <Filter>Source Files</Filter>
    </ClCompile>
    <ClCompile Include="Instructions\MoveInstruction.cpp">
      <Filter>Source Files</Filter>
    </ClCompile>
    <ClCompile Include="Instructions\PushByteInstruction.cpp">
      <Filter>Source Files</Filter>
    </ClCompile>
    <ClCompile Include="Instructions\PushIntInstruction.cpp">
      <Filter>Source Files</Filter>
    </ClCompile>
    <ClCompile Include="Instructions\Prefixes\PrefixOpcode.cpp">
      <Filter>Source Files</Filter>
    </ClCompile>
    <ClCompile Include="Instructions\MoveEAXInstruction.cpp">
      <Filter>Source Files</Filter>
    </ClCompile>
    <ClCompile Include="Instructions\ByteOperatorInstruction.cpp">
      <Filter>Source Files</Filter>
    </ClCompile>
    <ClCompile Include="Instructions\Operands\Expression.cpp">
      <Filter>Source Files</Filter>
    </ClCompile>
    <ClCompile Include="Instructions\Operands\Register.cpp">
      <Filter>Source Files</Filter>
    </ClCompile>
    <ClCompile Include="Instructions\IntOperatorInstruction.cpp">
      <Filter>Source Files</Filter>
    </ClCompile>
    <ClCompile Include="Instructions\LoadEffectiveAddressInstruction.cpp">
      <Filter>Source Files</Filter>
    </ClCompile>
    <ClCompile Include="Instructions\MoveConstantIntInstruction.cpp">
      <Filter>Source Files</Filter>
    </ClCompile>
    <ClCompile Include="Instructions\StoreStringInstruction.cpp">
      <Filter>Source Files</Filter>
    </ClCompile>
    <ClCompile Include="Instructions\XorInstruction.cpp">
      <Filter>Source Files</Filter>
    </ClCompile>
    <ClCompile Include="Instructions\InverseMoveInstruction.cpp">
      <Filter>Source Files</Filter>
    </ClCompile>
    <ClCompile Include="Instructions\InverseMoveEAXInstruction.cpp">
      <Filter>Source Files</Filter>
    </ClCompile>
    <ClCompile Include="Instructions\Operands\ScaledIndexByte.cpp">
      <Filter>Source Files</Filter>
    </ClCompile>
    <ClCompile Include="Instructions\MoveConstantIntExpInstruction.cpp">
      <Filter>Source Files</Filter>
    </ClCompile>
    <ClCompile Include="Instructions\CallInstruction.cpp">
      <Filter>Source Files</Filter>
    </ClCompile>
    <ClCompile Include="Instructions\MixOperatorInstruction.cpp">
      <Filter>Source Files</Filter>
    </ClCompile>
    <ClCompile Include="Instructions\TwoByteInstructions.cpp">
      <Filter>Source Files</Filter>
    </ClCompile>
    <ClCompile Include="Instructions\MoveZeroExtendInstruction.cpp">
      <Filter>Source Files</Filter>
    </ClCompile>
    <ClCompile Include="Instructions\TestInstruction.cpp">
      <Filter>Source Files</Filter>
    </ClCompile>
    <ClCompile Include="Instructions\JumpIfEqualInstruction.cpp">
      <Filter>Source Files</Filter>
    </ClCompile>
    <ClCompile Include="Instructions\FFInstruction.cpp">
      <Filter>Source Files</Filter>
    </ClCompile>
    <ClCompile Include="Instructions\F7Instruction.cpp">
      <Filter>Source Files</Filter>
    </ClCompile>
    <ClCompile Include="Instructions\JumpIfNotEqualInstruction.cpp">
      <Filter>Source Files</Filter>
    </ClCompile>
    <ClCompile Include="Instructions\NoOpInstruction.cpp">
      <Filter>Source Files</Filter>
    </ClCompile>
    <ClCompile Include="Instructions\PopRegisterInstruction.cpp">
      <Filter>Source Files</Filter>
    </ClCompile>
    <ClCompile Include="Instructions\ReturnInstruction.cpp">
      <Filter>Source Files</Filter>
    </ClCompile>
    <ClCompile Include="Instructions\CompareInstruction.cpp">
      <Filter>Source Files</Filter>
    </ClCompile>
    <ClCompile Include="Instructions\InverseCompareInstruction.cpp">
      <Filter>Source Files</Filter>
    </ClCompile>
    <ClCompile Include="Instructions\JumpIfBelowInstruction.cpp">
      <Filter>Source Files</Filter>
    </ClCompile>
    <ClCompile Include="Instructions\JumpByteInstruction.cpp">
      <Filter>Source Files</Filter>
    </ClCompile>
  </ItemGroup>
  <ItemGroup>
    <ClInclude Include="FunctionDescriptor.h">
      <Filter>Header Files</Filter>
    </ClInclude>
    <ClInclude Include="FunctionReader.h">
      <Filter>Header Files</Filter>
    </ClInclude>
    <ClInclude Include="Instructions\Instruction.h">
      <Filter>Header Files</Filter>
    </ClInclude>
    <ClInclude Include="Instructions\JumpInstruction.h">
      <Filter>Header Files</Filter>
    </ClInclude>
    <ClInclude Include="Instructions\Instructions.h">
      <Filter>Header Files</Filter>
    </ClInclude>
    <ClInclude Include="Instructions\PushRegisterInstruction.h">
      <Filter>Header Files</Filter>
    </ClInclude>
    <ClInclude Include="Instructions\ExtendedOpInstruction.h">
      <Filter>Header Files</Filter>
    </ClInclude>
    <ClInclude Include="Instructions\RegRegInstruction.h">
      <Filter>Header Files</Filter>
    </ClInclude>
    <ClInclude Include="Instructions\MoveInstruction.h">
      <Filter>Header Files</Filter>
    </ClInclude>
    <ClInclude Include="Instructions\PushByteInstruction.h">
      <Filter>Header Files</Filter>
    </ClInclude>
    <ClInclude Include="Instructions\PushIntInstruction.h">
      <Filter>Header Files</Filter>
    </ClInclude>
    <ClInclude Include="Instructions\Prefixes\PrefixOpcode.h">
      <Filter>Header Files</Filter>
    </ClInclude>
    <ClInclude Include="Instructions\MoveEAXInstruction.h">
      <Filter>Header Files</Filter>
    </ClInclude>
    <ClInclude Include="Instructions\ByteOperatorInstruction.h">
      <Filter>Header Files</Filter>
    </ClInclude>
    <ClInclude Include="Instructions\Operands\Expression.h">
      <Filter>Header Files</Filter>
    </ClInclude>
    <ClInclude Include="Instructions\Operands\Register.h">
      <Filter>Header Files</Filter>
    </ClInclude>
    <ClInclude Include="Instructions\IntOperatorInstruction.h">
      <Filter>Header Files</Filter>
    </ClInclude>
    <ClInclude Include="Instructions\LoadEffectiveAddressInstruction.h">
      <Filter>Header Files</Filter>
    </ClInclude>
    <ClInclude Include="Instructions\MoveConstantIntInstruction.h">
      <Filter>Header Files</Filter>
    </ClInclude>
    <ClInclude Include="Instructions\StoreStringInstruction.h">
      <Filter>Header Files</Filter>
    </ClInclude>
    <ClInclude Include="Instructions\XorInstruction.h">
      <Filter>Header Files</Filter>
    </ClInclude>
    <ClInclude Include="Instructions\InverseMoveInstruction.h">
      <Filter>Header Files</Filter>
    </ClInclude>
    <ClInclude Include="Instructions\InverseMoveEAXInstruction.h">
      <Filter>Header Files</Filter>
    </ClInclude>
    <ClInclude Include="Instructions\Operands\ScaledIndexByte.h">
      <Filter>Header Files</Filter>
    </ClInclude>
    <ClInclude Include="Instructions\MoveConstantIntExpInstruction.h">
      <Filter>Header Files</Filter>
    </ClInclude>
    <ClInclude Include="Instructions\CallInstruction.h">
      <Filter>Header Files</Filter>
    </ClInclude>
    <ClInclude Include="Instructions\MixOperatorInstruction.h">
      <Filter>Header Files</Filter>
    </ClInclude>
    <ClInclude Include="Instructions\TwoByteInstructions.h">
      <Filter>Header Files</Filter>
    </ClInclude>
    <ClInclude Include="Instructions\MoveZeroExtendInstruction.h">
      <Filter>Header Files</Filter>
    </ClInclude>
    <ClInclude Include="Instructions\TestInstruction.h">
      <Filter>Header Files</Filter>
    </ClInclude>
    <ClInclude Include="Instructions\JumpIfEqualInstruction.h">
      <Filter>Header Files</Filter>
    </ClInclude>
    <ClInclude Include="Instructions\FFInstruction.h">
      <Filter>Header Files</Filter>
    </ClInclude>
    <ClInclude Include="Instructions\F7Instruction.h">
      <Filter>Header Files</Filter>
    </ClInclude>
    <ClInclude Include="Instructions\JumpIfNotEqualInstruction.h">
      <Filter>Header Files</Filter>
    </ClInclude>
    <ClInclude Include="Instructions\NoOpInstruction.h">
      <Filter>Header Files</Filter>
    </ClInclude>
    <ClInclude Include="Instructions\PopRegisterInstruction.h">
      <Filter>Header Files</Filter>
    </ClInclude>
    <ClInclude Include="Instructions\ReturnInstruction.h">
      <Filter>Header Files</Filter>
    </ClInclude>
    <ClInclude Include="Instructions\CompareInstruction.h">
      <Filter>Header Files</Filter>
    </ClInclude>
    <ClInclude Include="Instructions\InverseCompareInstruction.h">
      <Filter>Header Files</Filter>
    </ClInclude>
    <ClInclude Include="Instructions\JumpIfBelowInstruction.h">
      <Filter>Header Files</Filter>
    </ClInclude>
    <ClInclude Include="Instructions\JumpByteInstruction.h">
      <Filter>Header Files</Filter>
    </ClInclude>
  </ItemGroup>
  <ItemGroup>
    <None Include="asmTests\test.asm">
      <Filter>Source Files</Filter>
    </None>
  </ItemGroup>
</Project>